{
  "lockfileVersion": 2,
  "configVersion": 0,
  "workspaces": {
    "": {
      "name": "svx-tools",
      "dependencies": {
        "mdsvex": "^0.12.8",
        "svelte": "^5.0.0",
        "svelte-language-server": "^0.18.4",
        "vscode-languageserver": "^10.1.2",
        "vscode-languageserver-textdocument": "^1.0.15",
      },
      "devDependencies": {
        "@types/bun": "^1.4.2",
        "@types/vscode": "^1.140.0",
        "typescript": "^6.0.3",
      },
    },
  },
  "packages": {
    "@ampproject/remapping": ["@ampproject/remapping@2.3.0", "", { "dependencies": { "@jridgewell/gen-mapping": "^0.3.5", "@jridgewell/trace-mapping": "^0.3.24" } }, "sha512-30iZtAPgz+LTIYoeivqYo853f02jBYSd5uGnGpkFV0M3xOt9aN73erkgYAmZU43x4VfqcnLxW9Kpg3R5LC4YYw=="],

    "@emmetio/abbreviation": ["@emmetio/abbreviation@2.3.3", "", { "dependencies": { "@emmetio/scanner": "^1.0.4" } }, "sha512-mgv58UrU3rh4YgbE/TzgLQwJ3pFsHHhCLqY20aJq+9comytTXUDNGG/SMtSeMJdkpxgXSXunBGLD8Boka3JyVA=="],

    "@emmetio/css-abbreviation": ["@emmetio/css-abbreviation@2.1.8", "", { "dependencies": { "@emmetio/scanner": "^1.0.4" } }, "sha512-s9yjhJ6saOO/uk1V74eifykk2CBYi01STTK3WlXWGOepyKa23ymJ053+DNQjpFcy1ingpaO7AxCcwLvHFY9tuw=="],

    "@emmetio/scanner": ["@emmetio/scanner@1.0.4", "", {}, "sha512-IqRuJtQff7YHHBk4G8YZ45uB9BaAGcwQeVzgj/zj8/UdOhtQpEIupUhSk8dys6spFIWVZVeK20CzGEnqR5SbqA=="],

    "@jridgewell/gen-mapping": ["@jridgewell/gen-mapping@0.3.13", "", { "dependencies": { "@jridgewell/sourcemap-codec": "^1.5.0", "@jridgewell/trace-mapping": "^0.3.24" } }, "sha512-2kkt/7niJ6MgEPxF0bYdQ6etZaA+fQvDcLKckhy1yIQOzaoKjBBjSj63/aLVjYE3qhRt5dvM+uUyfCg6UKCBbA=="],

    "@jridgewell/remapping": ["@jridgewell/remapping@2.3.5", "", { "dependencies": { "@jridgewell/gen-mapping": "^0.3.5", "@jridgewell/trace-mapping": "^0.3.24" } }, "sha512-LI9u/+laYG4Ds1TDKSJW2YPrIlcVYOwi2fUC6xB43lueCjgxV4lffOCZCtYFiH6TNOX+tQKXx97T4IKHbhyHEQ=="],

    "@jridgewell/resolve-uri": ["@jridgewell/resolve-uri@3.1.2", "", {}, "sha512-bRISgCIjP20/tbWSPWMEi54QVPRZExkuD9lJL+UIxUKtwVJA8wW1Trb1jMs1RFXo1CBTNZ/5hpC9QvmKWdopKw=="],

    "@jridgewell/sourcemap-codec": ["@jridgewell/sourcemap-codec@1.6.0", "", {}, "sha512-T7jf+5zgsZHwNJ4lvQ7/aezbyk0nNX+zJVWpmHA7VYsEx7a7qr5Rg5IbtJFqkgze5Y2sruq1RUY8Q837Od7iFw=="],

    "@jridgewell/trace-mapping": ["@jridgewell/trace-mapping@0.3.31", "", { "dependencies": { "@jridgewell/resolve-uri": "^3.1.0", "@jridgewell/sourcemap-codec": "^1.4.14" } }, "sha512-zzNR+SdQSDJzc8joaeP8QQoCQr8NuYx2dIIytl1QeBEZHJ9uW6hebsrYgbz8hJwUQao3TWCMtmfV8Nu1twOLAw=="],

    "@sveltejs/acorn-typescript": ["@sveltejs/acorn-typescript@1.0.13", "", { "peerDependencies": { "acorn": "^8.9.0" } }, "sha512-wgKggnhZVL9Bfx1OaKKTrYY9BFRk6C8UAkQNUcIv1+llzYrIqy+RZm5HPKzn0NpEBvTVhTqB4kQyllZywsRBRQ=="],

    "@sveltejs/load-config": ["@sveltejs/load-config@0.2.3", "", {}, "sha512-VT3qmUb8pRV2QrZjd8iAmtg8lf4W0TIjZbvXtz5MKei/q96teWZgGJyyidJzOjzZzvdq616eSRVeMYIQChUTAQ=="],

    "@types/bun": ["@types/bun@1.4.2", "", { "dependencies": { "bun-types": "1.4.2" } }, "sha512-GimotNn7+ZV0uVArItBbriZsR1oNf0+WTzPkdcFrzShI7k2norL0uzEaJT8T33dWr7O/c9ZDuAFQrctKCi72oQ=="],

    "@types/estree": ["@types/estree@1.0.9", "", {}, "sha512-GhdPgy1el4/ImP05X05Uw4cw2/M93BCUmnEvWZNStlCzEKME4Fkk+YpoA5OiHNQmoS7Cafb8Xa3Pya8m1Qrzeg=="],

    "@types/mdast": ["@types/mdast@4.0.4", "", { "dependencies": { "@types/unist": "*" } }, "sha512-kGaNbPh1k7AFzgpud/gMdvIm5xuECykRR+JnWKQno9TAXVa6WIVCGTPvYGekIDL4uwCZQSYbUxNBSb1aUo79oA=="],

    "@types/node": ["@types/node@26.6.4", "", { "dependencies": { "undici-types": "~8.9.0" } }, "sha512-ldVPDCzj7fsaGZrLB0NuHuTvJcsNasysBAqMolr/cgxrLd1xbqxIr3XJiPnHHJUCxj5sNF1vnRj9aWnrVh5Jcg=="],

    "@types/unist": ["@types/unist@2.0.11", "", {}, "sha512-CmBKiL6NNo/OqgmMn95Fk9Whlp2mtvIv+KNpQKN2F4SjvrEesubTRWGYSg+BnWZOnlCaSTU1sMpsBOzgbYhnsA=="],

    "@types/vscode": ["@types/vscode@1.140.0", "", {}, "sha512-KAB5RBZIgnUhpp4mKsVJPPHLOQKu6WtGy2xpfWjaajEXO4xIIC+UESAXLiQ9ewx6QD1uBmvC/S8BJzkbvv4bRA=="],

    "@vscode/emmet-helper": ["@vscode/emmet-helper@2.8.4", "", { "dependencies": { "emmet": "^2.3.0", "jsonc-parser": "^2.3.0", "vscode-languageserver-textdocument": "^1.0.1", "vscode-languageserver-types": "^3.15.1", "vscode-nls": "^5.0.0", "vscode-uri": "^2.1.2" } }, "sha512-lUki5QLS47bz/U8IlG9VQ+1lfxMtxMZENmU5nu4Z71eOD5j9FK0SmYGL5NiVJg9WBWeAU0VxRADMY2Qpq7BfVg=="],

    "@vscode/l10n": ["@vscode/l10n@0.0.18", "", {}, "sha512-KYSIHVmslkaCDyw013pphY+d7x1qV8IZupYfeIfzNA+nsaWHbn5uPuQRvdRFsa9zFzGeudPuoGoZ1Op4jrJXIQ=="],

    "acorn": ["acorn@8.19.0", "", { "bin": "bin/acorn" }, "sha512-oJlA3XiRm7Cyk6qFD2Jn8ak9B7jSy0qy00ADO3+8dpT0LSjFihQYv4C02LFCSYJV3Q37xYwwRy5m+IpIiUzqWw=="],

    "aria-query": ["aria-query@5.3.1", "", {}, "sha512-Z/ZeOgVl7bcSYZ/u/rh0fOpvEpq//LZmdbkXyc7syVzjPAhfOa9ebsdTSjEBDU4vs5nC98Kfduj1uFo0qyET3g=="],

    "axobject-query": ["axobject-query@4.1.0", "", {}, "sha512-qIj0G9wZbMGNLjLmg1PT6v2mE9AH2zlnADJD/2tC6E00hgmhUOfEB6greHPAfLRSufHqROIUTkw6E+M3lH0PTQ=="],

    "bun-types": ["bun-types@1.4.2", "", { "dependencies": { "@types/node": "*" } }, "sha512-bxV1FgK7yBIzjRe5zBozIM4Bem11ZJcCXSrjWRG3YWLt8yFDePu4cLjpebO8OvPeIE9trbyPF4fuj3Cia4Fj3w=="],

    "chokidar": ["chokidar@4.0.3", "", { "dependencies": { "readdirp": "^4.0.1" } }, "sha512-Qgzu8kfBvo+cA4962jnP1KkS6Dop5NS6g7R5LFYJr4b8Ub94PPQXUksCw9PvXoeXPRRddRNC5C1JQUR2SMGtnA=="],

    "clsx": ["clsx@2.1.1", "", {}, "sha512-eYm0QWBtUrBWZWG0d386OGAw16Z995PiOVo2B7bjWSbHedGl5e0ZWaq65kOGgUSNesEIDkB9ISbTg/JK9dhCZA=="],

    "code-red": ["code-red@1.0.4", "", { "dependencies": { "@jridgewell/sourcemap-codec": "^1.4.15", "@types/estree": "^1.0.1", "acorn": "^8.10.0", "estree-walker": "^3.0.3", "periscopic": "^3.1.0" } }, "sha512-7qJWqItLA8/VPVlKJlFXU+NBlo/qyfs39aJcuMT/2ere32ZqvF5OSxgdM5xOfJJ7O429gg2HM47y8v9P+9wrNw=="],

    "css-tree": ["css-tree@2.3.1", "", { "dependencies": { "mdn-data": "2.0.30", "source-map-js": "^1.0.1" } }, "sha512-6Fv1DV/TYw//QF5IzQdqsNDjx/wc8TrMBZsqjL9eW01tWb7R7k/mq+/VXfJCl7SoD5emsJop9cOByJZfs8hYIw=="],

    "dedent-js": ["dedent-js@1.0.1", "", {}, "sha512-OUepMozQULMLUmhxS95Vudo0jb0UchLimi3+pQ2plj61Fcy8axbP9hbiD4Sz6DPqn6XG3kfmziVfQ1rSys5AJQ=="],

    "defu": ["defu@6.1.7", "", {}, "sha512-7z22QmUWiQ/2d0KkdYmANbRUVABpZ9SNYyH5vx6PZ+nE5bcC0l7uFvEfHlyld/HcGBFTL536ClDt3DEcSlEJAQ=="],

    "devalue": ["devalue@5.9.4", "", {}, "sha512-sPAT4pztbu6586/hrhOnMKS17IJrvg12mXiSPSS3W5qDeN2RGgvZ0diZCm31dBbnevfVmujNO3IM2wrS4Y2Rhg=="],

    "emmet": ["emmet@2.4.11", "", { "dependencies": { "@emmetio/abbreviation": "^2.3.3", "@emmetio/css-abbreviation": "^2.1.8" } }, "sha512-23QPJB3moh/U9sT4rQzGgeyyGIrcM+GH5uVYg2C6wZIxAIJq7Ng3QLT79tl8FUwDXhyq9SusfknOrofAKqvgyQ=="],

    "esm-env": ["esm-env@1.2.2", "", {}, "sha512-Epxrv+Nr/CaL4ZcFGPJIYLWFom+YeV1DqMLHJoEd9SYRxNbaFruBwfEX/kkHUJf55j2+TUbmDcmuilbP1TmXHA=="],

    "esrap": ["esrap@2.4.0", "", { "dependencies": { "@jridgewell/sourcemap-codec": "^1.4.15" }, "peerDependencies": { "@typescript-eslint/types": "^8.2.0" }, "optionalPeers": ["@typescript-eslint/types"] }, "sha512-CQPcneEHw/czj32uwQC52nYnax8H4SXt25FCM+LIwGZ49cMIxpOj3bP8wmzcI+Z0HIy5KkClaPhRLfCySzwHPA=="],

    "estree-walker": ["estree-walker@2.0.2", "", {}, "sha512-Rfkk/Mp/DL7JVje3u18FxFujQlTNR2q6QfMSMB7AvCBx91NGj/ba3kCfza0f6dVDbw7YlRf/nDrn7pQrCCyQ/w=="],

    "fdir": ["fdir@6.5.0", "", { "peerDependencies": { "picomatch": "^3 || ^4" }, "optionalPeers": ["picomatch"] }, "sha512-tIbYtZbucOs0BRGqPJkshJUYdL+SDH7dVM8gjy+ERp3WAUjLEFJE+02kanyHtwjWOnwrKYBiwAmM0p4kLJAnXg=="],

    "globrex": ["globrex@0.1.2", "", {}, "sha512-uHJgbwAMwNFf5mLst7IWLNg14x1CkeqglJb/K3doi4dw6q2IvAAmM/Y81kevy83wP+Sst+nutFTYOGg3d1lsxg=="],

    "is-reference": ["is-reference@3.0.3", "", { "dependencies": { "@types/estree": "^1.0.6" } }, "sha512-ixkJoqQvAP88E6wLydLGGqCJsrFUnqoH6HnaczB8XmDH1oaWU+xxdptvikTgaEhtZ53Ky6YXiBuUI2WXLMCwjw=="],

    "jsonc-parser": ["jsonc-parser@2.3.1", "", {}, "sha512-H8jvkz1O50L3dMZCsLqiuB2tA7muqbSg1AtGEkN0leAqGjsUzDJir3Zwr02BhqdcITPg3ei3mZ+HjMocAknhhg=="],

    "locate-character": ["locate-character@3.0.0", "", {}, "sha512-SW13ws7BjaeJ6p7Q6CO2nchbYEc3X3J6WrmTTDto7yMPqVSZTUyY5Tjbid+Ab8gLnATtygYtiDIJGQRRn2ZOiA=="],

    "magic-string": ["magic-string@0.30.21", "", { "dependencies": { "@jridgewell/sourcemap-codec": "^1.5.5" } }, "sha512-vd2F4YUyEXKGcLHoq+TEyCjxueSeHnFxyyjNp80yg0XV4vUhnDer/lvvlqM/arB5bXQN5K2/3oinyCRyx8T2CQ=="],

    "mdn-data": ["mdn-data@2.0.30", "", {}, "sha512-GaqWWShW4kv/G9IEucWScBx9G1/vsFZZJUO+tD26M8J8z3Kw5RDQjaoZe03YAClgeS/SWPOcb4nkFBTEi5DUEA=="],

    "mdsvex": ["mdsvex@0.12.8", "", { "dependencies": { "@types/mdast": "^4.0.4", "@types/unist": "^2.0.3", "prism-svelte": "^0.4.7", "prismjs": "^1.17.1", "unist-util-visit": "^2.0.1", "vfile-message": "^2.0.4" }, "peerDependencies": { "svelte": "^3.56.0 || ^4.0.0 || ^5.0.0-next.120" } }, "sha512-v2sbRA9QWf0tpYWfREI5Kq7OqqrqoUzfmMKbgdOoWGfPDLc1JYU4EgDDF0N9WFhmjFW5agKrYwo/mDVutBKWKw=="],

    "periscopic": ["periscopic@3.1.0", "", { "dependencies": { "@types/estree": "^1.0.0", "estree-walker": "^3.0.0", "is-reference": "^3.0.0" } }, "sha512-vKiQ8RRtkl9P+r/+oefh25C3fhybptkHKCZSPlcXiJux2tJF55GnEj3BVn4A5gKfq9NWWXXrxkHBwVPUfH0opw=="],

    "prettier": ["prettier@3.3.3", "", { "bin": { "prettier": "bin/prettier.cjs" } }, "sha512-i2tDNA0O5IrMO757lfrdQZCc2jPNDVntV0m/+4whiDfWaTKfMNgR7Qz0NAeGz/nRqF4m5/6CLzbP4/liHt12Ew=="],

    "prettier-plugin-svelte": ["prettier-plugin-svelte@3.5.2", "", { "peerDependencies": { "prettier": "^3.0.0", "svelte": "^3.2.0 || ^4.0.0-next.0 || ^5.0.0-next.0" } }, "sha512-ItFouLvzSFE3ulNl4DKoWM3BGcbDCNVpIyy/Y3F2gC3aNiGLxtFUdffVqO5Z5hhYG+DFT5KULWaxmeFFpdbvaQ=="],

    "prism-svelte": ["prism-svelte@0.4.7", "", {}, "sha512-yABh19CYbM24V7aS7TuPYRNMqthxwbvx6FF/Rw920YbyBWO3tnyPIqRMgHuSVsLmuHkkBS1Akyof463FVdkeDQ=="],

    "prismjs": ["prismjs@1.30.0", "", {}, "sha512-DEvV2ZF2r2/63V+tK8hQvrR2ZGn10srHbXviTlcv7Kpzw8jWiNTqbVgjO3IY8RxrrOUF8VPMQQFysYYYv0YZxw=="],

    "readdirp": ["readdirp@4.1.2", "", {}, "sha512-GDhwkLfywWL2s6vEjyhri+eXmfH6j1L7JE27WhqLeYzoh/A3DBaYGEj2H/HFZCn/kMfim73FXxEJTw06WtxQwg=="],

    "scule": ["scule@1.3.0", "", {}, "sha512-6FtHJEvt+pVMIB9IBY+IcCJ6Z5f1iQnytgyfKMhDKgmzYG+TeH/wx1y3l27rshSbLiSanrR9ffZDrEsmjlQF2g=="],

    "semver": ["semver@7.8.5", "", { "bin": { "semver": "bin/semver.js" } }, "sha512-Y7/KDsb8LjooZpwaqGyulO6DQlksgCncchHGk+sZIY4SBvUocMBEFH5Ur1fI4dV+Jvl0w6cjvucaIi40puRioA=="],

    "source-map-js": ["source-map-js@1.2.2", "", {}, "sha512-KGj/8Y43x35aZVDtt+J4mK1hoLGHULMYfSkODJNQjNDC3oW1PqPoxMwo0pLUsWM/UEGzON/NxeHywEfNXNP3Vw=="],

    "svelte": ["svelte@5.57.2", "", { "dependencies": { "@jridgewell/remapping": "^2.3.5", "@jridgewell/sourcemap-codec": "^1.6.0", "@sveltejs/acorn-typescript": "^1.0.13", "@types/estree": "^1.0.9", "acorn": "^8.18.0", "aria-query": "5.3.1", "axobject-query": "^4.1.0", "clsx": "^2.1.1", "devalue": "^5.9.2", "esm-env": "^1.2.1", "esrap": "^2.3.6", "is-reference": "^3.0.3", "locate-character": "^3.0.0", "magic-string": "^0.30.11", "zimmerframe": "^1.1.2" } }, "sha512-1YiPCAXT0Ct6g1vOMmSLa0Nsc3QRMvtDF32ihgglGVrugIuIK38RyDiFNXVDhtQ81TJjSO57NdMw6DyYLqSGDQ=="],

    "svelte-language-server": ["svelte-language-server@0.18.4", "", { "dependencies": { "@jridgewell/trace-mapping": "^0.3.25", "@sveltejs/load-config": "^0.2.3", "@vscode/emmet-helper": "2.8.4", "chokidar": "^4.0.1", "defu": "^6.1.7", "estree-walker": "^2.0.1", "fdir": "^6.2.0", "globrex": "^0.1.2", "prettier": "~3.3.3", "prettier-plugin-svelte": "^3.5.0", "svelte": "^4.2.19", "svelte2tsx": "~0.7.61", "typescript-auto-import-cache": "^0.3.6", "vscode-css-languageservice": "~6.3.5", "vscode-html-languageservice": "~5.4.0", "vscode-languageserver": "9.0.1", "vscode-languageserver-protocol": "3.17.5", "vscode-languageserver-types": "3.17.5", "vscode-uri": "~3.1.0" }, "peerDependencies": { "typescript": "^5.9.2 || ^6.0.2" }, "bin": { "svelteserver": "bin/server.js" } }, "sha512-OjY1U6lraW13P1hDoRWAkcFkiiMSxZDHzIDUnWE3bIx0k9LZsiyis5pLUNXz9Dz2IWSIAaldUO1ZVrSr43O+og=="],

    "svelte2tsx": ["svelte2tsx@0.7.61", "", { "dependencies": { "dedent-js": "^1.0.1", "scule": "^1.3.0" }, "peerDependencies": { "svelte": "^3.55 || ^4.0.0-next.0 || ^4.0 || ^5.0.0-next.0", "typescript": "^4.9.4 || ^5.0.0 || ^6.0.0" } }, "sha512-EpQ/+UHITBULeUojx/LLD3uTYasZXcX1BrqlrzfLUnT9vdUhaOWK59a3ryWcFU8L0sY1SP+gRhJ2Beiis98+qw=="],

    "typescript": ["typescript@6.0.3", "", { "bin": { "tsc": "bin/tsc", "tsserver": "bin/tsserver" } }, "sha512-y2TvuxSZPDyQakkFRPZHKFm+KKVqIisdg9/CZwm9ftvKXLP8NRWj38/ODjNbr43SsoXqNuAisEf1GdCxqWcdBw=="],

    "typescript-auto-import-cache": ["typescript-auto-import-cache@0.3.6", "", { "dependencies": { "semver": "^7.3.8" } }, "sha512-RpuHXrknHdVdK7wv/8ug3Fr0WNsNi5l5aB8MYYuXhq2UH5lnEB1htJ1smhtD5VeCsGr2p8mUDtd83LCQDFVgjQ=="],

    "undici-types": ["undici-types@8.9.0", "", {}, "sha512-KTDyRTYX8sWmKXAikPHHSyc63CRPETMctyjKFupcC6OBLXT3xsN0e9aF7m+mIXutFWpUXuedtowG7iLOzp0kQg=="],

    "unist-util-is": ["unist-util-is@4.1.0", "", {}, "sha512-ZOQSsnce92GrxSqlnEEseX0gi7GH9zTJZ0p9dtu87WRb/37mMPO2Ilx1s/t9vBHrFhbgweUwb+t7cIn5dxPhZg=="],

    "unist-util-stringify-position": ["unist-util-stringify-position@2.0.3", "", { "dependencies": { "@types/unist": "^2.0.2" } }, "sha512-3faScn5I+hy9VleOq/qNbAd6pAx7iH5jYBMS9I1HgQVijz/4mv5Bvw5iw1sC/90CODiKo81G/ps8AJrISn687g=="],

    "unist-util-visit": ["unist-util-visit@2.0.3", "", { "dependencies": { "@types/unist": "^2.0.0", "unist-util-is": "^4.0.0", "unist-util-visit-parents": "^3.0.0" } }, "sha512-iJ4/RczbJMkD0712mGktuGpm/U4By4FfDonL7N/9tATGIF4imikjOuagyMY53tnZq3NP6BcmlrHhEKAfGWjh7Q=="],

    "unist-util-visit-parents": ["unist-util-visit-parents@3.1.1", "", { "dependencies": { "@types/unist": "^2.0.0", "unist-util-is": "^4.0.0" } }, "sha512-1KROIZWo6bcMrZEwiH2UrXDyalAa0uqzWCxCJj6lPOvTve2WkfgCytoDTPaMnodXh1WrXOq0haVYHj99ynJlsg=="],

    "vfile-message": ["vfile-message@2.0.4", "", { "dependencies": { "@types/unist": "^2.0.0", "unist-util-stringify-position": "^2.0.0" } }, "sha512-DjssxRGkMvifUOJre00juHoP9DPWuzjxKuMDrhNbk2TdaYYBNMStsNhEOt3idrtI12VQYM/1+iM0KOzXi4pxwQ=="],

    "vscode-css-languageservice": ["vscode-css-languageservice@6.3.10", "", { "dependencies": { "@vscode/l10n": "^0.0.18", "vscode-languageserver-textdocument": "^1.0.12", "vscode-languageserver-types": "3.17.5", "vscode-uri": "^3.1.0" } }, "sha512-eq5N9Er3fC4vA9zd9EFhyBG90wtCCuXgRSpAndaOgXMh1Wgep5lBgRIeDgjZBW9pa+332yC9+49cZMW8jcL3MA=="],

    "vscode-html-languageservice": ["vscode-html-languageservice@5.4.0", "", { "dependencies": { "@vscode/l10n": "^0.0.18", "vscode-languageserver-textdocument": "^1.0.12", "vscode-languageserver-types": "^3.17.5", "vscode-uri": "^3.1.0" } }, "sha512-9/cbc90BSYCghmHI7/VbWettHZdC7WYpz2g5gBK6UDUI1MkZbM773Q12uAYJx9jzAiNHPpyo6KzcwmcnugncAQ=="],

    "vscode-jsonrpc": ["vscode-jsonrpc@8.2.0", "", {}, "sha512-C+r0eKJUIfiDIfwJhria30+TYWPtuHJXHtI7J0YlOmKAo7ogxP20T0zxB7HZQIFhIyvoBPwWskjxrvAtfjyZfA=="],

    "vscode-languageserver": ["vscode-languageserver@10.1.2", "", { "dependencies": { "vscode-languageserver-protocol": "3.18.4" }, "bin": { "installServerIntoExtension": "bin/installServerIntoExtension" } }, "sha512-pXPWde3RytdeBVEs6PulOOT5OpeXC5GkWRpcT11f5rNn41jviQsAYPyAqJ/0oVGETQLKPJtYbHNiMPlfLb0NTQ=="],

    "vscode-languageserver-protocol": ["vscode-languageserver-protocol@3.17.5", "", { "dependencies": { "vscode-jsonrpc": "8.2.0", "vscode-languageserver-types": "3.17.5" } }, "sha512-mb1bvRJN8SVznADSGWM9u/b07H7Ecg0I3OgXDuLdn307rl/J3A9YD6/eYOssqhecL27hK1IPZAsaqh00i/Jljg=="],

    "vscode-languageserver-textdocument": ["vscode-languageserver-textdocument@1.0.15", "", {}, "sha512-Gsfr9S8LU3S6885cS+NaleasJ0n3V5y/SOTqHCifQiXWFw3G9w9/YItDfwHrlCz+dSZWWZ8ilYVMcJe7Sz7Sxw=="],

    "vscode-languageserver-types": ["vscode-languageserver-types@3.17.5", "", {}, "sha512-Ld1VelNuX9pdF39h2Hgaeb5hEZM2Z3jUrrMgWQAu82jMtZp7p3vJT3BzToKtZI7NgQssZje5o0zryOrhQvzQAg=="],

    "vscode-nls": ["vscode-nls@5.2.0", "", {}, "sha512-RAaHx7B14ZU04EU31pT+rKz2/zSl7xMsfIZuo8pd+KZO6PXtQmpevpq3vxvWNcrGbdmhM/rr5Uw5Mz+NBfhVng=="],

    "vscode-uri": ["vscode-uri@3.1.0", "", {}, "sha512-/BpdSx+yCQGnCvecbyXdxHDkuk55/G3xwnC0GqY4gmQ3j+A+g8kzzgB4Nk/SINjqn6+waqw3EgbVF2QKExkRxQ=="],

    "zimmerframe": ["zimmerframe@1.1.5", "", {}, "sha512-msJxIvYDYcoNL+PJsu+7qmpDWsYmAxTY+2TNYXXF0hzBzBk0BMecOqDOG/EckUoKCuKwObfbugIl8QpqHDXeFA=="],

    "@vscode/emmet-helper/vscode-uri": ["vscode-uri@2.1.2", "", {}, "sha512-8TEXQxlldWAuIODdukIb+TR5s+9Ds40eSJrw+1iDDA9IFORPjMELarNQE3myz5XIkWWpdprmJjm1/SxMlWOC8A=="],

    "code-red/estree-walker": ["estree-walker@3.0.3", "", { "dependencies": { "@types/estree": "^1.0.0" } }, "sha512-7RUKfXgSMMkzt6ZuXmqapOurLGPPfgj6l9uRZ7lRGolvk0y2yocc35LdcxKC5PQZdn2DMqioAQ2NoWcrTKmm6g=="],

    "periscopic/estree-walker": ["estree-walker@3.0.3", "", { "dependencies": { "@types/estree": "^1.0.0" } }, "sha512-7RUKfXgSMMkzt6ZuXmqapOurLGPPfgj6l9uRZ7lRGolvk0y2yocc35LdcxKC5PQZdn2DMqioAQ2NoWcrTKmm6g=="],

    "svelte-language-server/svelte": ["svelte@4.2.20", "", { "dependencies": { "@ampproject/remapping": "^2.2.1", "@jridgewell/sourcemap-codec": "^1.4.15", "@jridgewell/trace-mapping": "^0.3.18", "@types/estree": "^1.0.1", "acorn": "^8.9.0", "aria-query": "^5.3.0", "axobject-query": "^4.0.0", "code-red": "^1.0.3", "css-tree": "^2.3.1", "estree-walker": "^3.0.3", "is-reference": "^3.0.1", "locate-character": "^3.0.0", "magic-string": "^0.30.4", "periscopic": "^3.1.0" } }, "sha512-eeEgGc2DtiUil5ANdtd8vPwt9AgaMdnuUFnPft9F5oMvU/FHu5IHFic+p1dR/UOB7XU2mX2yHW+NcTch4DCh5Q=="],

    "svelte-language-server/vscode-languageserver": ["vscode-languageserver@9.0.1", "", { "dependencies": { "vscode-languageserver-protocol": "3.17.5" }, "bin": { "installServerIntoExtension": "bin/installServerIntoExtension" } }, "sha512-woByF3PDpkHFUreUa7Hos7+pUWdeWMXRd26+ZX2A8cFx6v/JPTtd4/uN0/jB6XQHYaOlHbio03NTHCqrgG5n7g=="],

    "vscode-languageserver/vscode-languageserver-protocol": ["vscode-languageserver-protocol@3.18.4", "", { "dependencies": { "vscode-jsonrpc": "9.0.3", "vscode-languageserver-types": "3.18.4" } }, "sha512-CCXbyr99dafRJzJH/0Ryk7ly5T8XPmSR0//OuF2w4m+9JiOin7zcAT5iET8GRE7Z9taFBejb3GbM0a0mbjdbrg=="],

    "svelte-language-server/svelte/estree-walker": ["estree-walker@3.0.3", "", { "dependencies": { "@types/estree": "^1.0.0" } }, "sha512-7RUKfXgSMMkzt6ZuXmqapOurLGPPfgj6l9uRZ7lRGolvk0y2yocc35LdcxKC5PQZdn2DMqioAQ2NoWcrTKmm6g=="],

    "vscode-languageserver/vscode-languageserver-protocol/vscode-jsonrpc": ["vscode-jsonrpc@9.0.3", "", {}, "sha512-qETYf9PCl1lVfwR+oBmMfc4vP2nqLNA35ABxorw3j06+xlKRgDVxbLgKm4Y/xPL0YWdeDjLoI4ImICIT3nB0zQ=="],

    "vscode-languageserver/vscode-languageserver-protocol/vscode-languageserver-types": ["vscode-languageserver-types@3.18.4", "", {}, "sha512-nQsacoiijvl0fRf2q28uFDrAVwRhdCa3QveiF7/CX0r18mLR5FU/1WskSsCKOjmEbtteKUnY8x8Yzxop+k0zwg=="],
  }
}
